
Microsoft Visual Studio Solution File, Format Version 12.00
# Visual Studio 15
VisualStudioVersion = 15.0.28307.168
MinimumVisualStudioVersion = 10.0.40219.1
Project("{FAE04EC0-301F-11D3-BF4B-00C04F79EFBC}") = "ChampionsLeagueDraw", "ChampionsLeagueDraw\ChampionsLeagueDraw.csproj", "{64780A30-7703-4FB9-8BE7-EDB78EEEB9F1}"
EndProject
Global
	GlobalSection(SolutionConfigurationPlatforms) = preSolution
		Debug|Any CPU = Debug|Any CPU
		Release|Any CPU = Release|Any CPU
	EndGlobalSection
	GlobalSection(ProjectConfigurationPlatforms) = postSolution
		{64780A30-7703-4FB9-8BE7-EDB78EEEB9F1}.Debug|Any CPU.ActiveCfg = Debug|Any CPU
		{64780A30-7703-4FB9-8BE7-EDB78EEEB9F1}.Debug|Any CPU.Build.0 = Debug|Any CPU
		{64780A30-7703-4FB9-8BE7-EDB78EEEB9F1}.Release|Any CPU.ActiveCfg = Release|Any CPU
		{64780A30-7703-4FB9-8BE7-EDB78EEEB9F1}.Release|Any CPU.Build.0 = Release|Any CPU
	EndGlobalSection
	GlobalSection(SolutionProperties) = preSolution
		HideSolutionNode = FALSE
	EndGlobalSection
	GlobalSection(ExtensibilityGlobals) = postSolution
		SolutionGuid = {38AD13C5-89BF-46A6-84D3-6F0CDD7CA9FF}
	EndGlobalSection
EndGlobal
